
Microsoft Visual Studio Solution File, Format Version 12.00
# Visual Studio Version 17
VisualStudioVersion = 17.4.33110.190
MinimumVisualStudioVersion = 10.0.40219.1
Project("{FAE04EC0-301F-11D3-BF4B-00C04F79EFBC}") = "NoteTakingApp", "NoteTakingApp.csproj", "{0B54DF1B-7FDD-4C98-8F08-B2DD28EA9CA7}"
EndProject
Global
	GlobalSection(SolutionConfigurationPlatforms) = preSolution
		Debug|Any CPU = Debug|Any CPU
		Release|Any CPU = Release|Any CPU
	EndGlobalSection
	GlobalSection(ProjectConfigurationPlatforms) = postSolution
		{0B54DF1B-7FDD-4C98-8F08-B2DD28EA9CA7}.Debug|Any CPU.ActiveCfg = Debug|Any CPU
		{0B54DF1B-7FDD-4C98-8F08-B2DD28EA9CA7}.Debug|Any CPU.Build.0 = Debug|Any CPU
		{0B54DF1B-7FDD-4C98-8F08-B2DD28EA9CA7}.Release|Any CPU.ActiveCfg = Release|Any CPU
		{0B54DF1B-7FDD-4C98-8F08-B2DD28EA9CA7}.Release|Any CPU.Build.0 = Release|Any CPU
	EndGlobalSection
	GlobalSection(SolutionProperties) = preSolution
		HideSolutionNode = FALSE
	EndGlobalSection
	GlobalSection(ExtensibilityGlobals) = postSolution
		SolutionGuid = {C181BD7B-C01A-4168-9E6A-04783E32A61B}
	EndGlobalSection
EndGlobal
